
Microsoft Visual Studio Solution File, Format Version 12.00
# Visual Studio 15
VisualStudioVersion = 15.0.26206.0
MinimumVisualStudioVersion = 10.0.40219.1
Project("{FAE04EC0-301F-11D3-BF4B-00C04F79EFBC}") = "Railway.Domain", "Railway.Domain\Railway.Domain.csproj", "{74EFA28C-1D64-4725-9356-B7264FA88DFA}"
EndProject
Project("{FAE04EC0-301F-11D3-BF4B-00C04F79EFBC}") = "Railway.Data", "Railway.Data\Railway.Data.csproj", "{32C34DDB-5A0F-4D90-85D5-9EE3AC3D71CA}"
EndProject
Project("{FAE04EC0-301F-11D3-BF4B-00C04F79EFBC}") = "Railway.Domain.Tests", "Railway.Domain.Tests\Railway.Domain.Tests.csproj", "{C0FAC7AD-8F4C-433B-8979-F57C0DBC92EC}"
EndProject
Project("{FAE04EC0-301F-11D3-BF4B-00C04F79EFBC}") = "Railway.DataAccess", "Railway.DataAccess\Railway.DataAccess.csproj", "{8C7B5333-2F22-43A3-928A-710882186360}"
EndProject
Project("{FAE04EC0-301F-11D3-BF4B-00C04F79EFBC}") = "Railway.Web", "Railway.Web\Railway.Web.csproj", "{377E5A2E-055E-414D-89AB-FCDB90D9F9FF}"
EndProject
Global
	GlobalSection(SolutionConfigurationPlatforms) = preSolution
		Debug|Any CPU = Debug|Any CPU
		Debug|x64 = Debug|x64
		Debug|x86 = Debug|x86
		Release|Any CPU = Release|Any CPU
		Release|x64 = Release|x64
		Release|x86 = Release|x86
	EndGlobalSection
	GlobalSection(ProjectConfigurationPlatforms) = postSolution
		{74EFA28C-1D64-4725-9356-B7264FA88DFA}.Debug|Any CPU.ActiveCfg = Debug|Any CPU
		{74EFA28C-1D64-4725-9356-B7264FA88DFA}.Debug|Any CPU.Build.0 = Debug|Any CPU
		{74EFA28C-1D64-4725-9356-B7264FA88DFA}.Debug|x64.ActiveCfg = Debug|x64
		{74EFA28C-1D64-4725-9356-B7264FA88DFA}.Debug|x64.Build.0 = Debug|x64
		{74EFA28C-1D64-4725-9356-B7264FA88DFA}.Debug|x86.ActiveCfg = Debug|x86
		{74EFA28C-1D64-4725-9356-B7264FA88DFA}.Debug|x86.Build.0 = Debug|x86
		{74EFA28C-1D64-4725-9356-B7264FA88DFA}.Release|Any CPU.ActiveCfg = Release|Any CPU
		{74EFA28C-1D64-4725-9356-B7264FA88DFA}.Release|Any CPU.Build.0 = Release|Any CPU
		{74EFA28C-1D64-4725-9356-B7264FA88DFA}.Release|x64.ActiveCfg = Release|x64
		{74EFA28C-1D64-4725-9356-B7264FA88DFA}.Release|x64.Build.0 = Release|x64
		{74EFA28C-1D64-4725-9356-B7264FA88DFA}.Release|x86.ActiveCfg = Release|x86
		{74EFA28C-1D64-4725-9356-B7264FA88DFA}.Release|x86.Build.0 = Release|x86
		{32C34DDB-5A0F-4D90-85D5-9EE3AC3D71CA}.Debug|Any CPU.ActiveCfg = Debug|Any CPU
		{32C34DDB-5A0F-4D90-85D5-9EE3AC3D71CA}.Debug|Any CPU.Build.0 = Debug|Any CPU
		{32C34DDB-5A0F-4D90-85D5-9EE3AC3D71CA}.Debug|x64.ActiveCfg = Debug|x64
		{32C34DDB-5A0F-4D90-85D5-9EE3AC3D71CA}.Debug|x64.Build.0 = Debug|x64
		{32C34DDB-5A0F-4D90-85D5-9EE3AC3D71CA}.Debug|x86.ActiveCfg = Debug|x86
		{32C34DDB-5A0F-4D90-85D5-9EE3AC3D71CA}.Debug|x86.Build.0 = Debug|x86
		{32C34DDB-5A0F-4D90-85D5-9EE3AC3D71CA}.Release|Any CPU.ActiveCfg = Release|Any CPU
		{32C34DDB-5A0F-4D90-85D5-9EE3AC3D71CA}.Release|Any CPU.Build.0 = Release|Any CPU
		{32C34DDB-5A0F-4D90-85D5-9EE3AC3D71CA}.Release|x64.ActiveCfg = Release|x64
		{32C34DDB-5A0F-4D90-85D5-9EE3AC3D71CA}.Release|x64.Build.0 = Release|x64
		{32C34DDB-5A0F-4D90-85D5-9EE3AC3D71CA}.Release|x86.ActiveCfg = Release|x86
		{32C34DDB-5A0F-4D90-85D5-9EE3AC3D71CA}.Release|x86.Build.0 = Release|x86
		{C0FAC7AD-8F4C-433B-8979-F57C0DBC92EC}.Debug|Any CPU.ActiveCfg = Debug|Any CPU
		{C0FAC7AD-8F4C-433B-8979-F57C0DBC92EC}.Debug|Any CPU.Build.0 = Debug|Any CPU
		{C0FAC7AD-8F4C-433B-8979-F57C0DBC92EC}.Debug|x64.ActiveCfg = Debug|x64
		{C0FAC7AD-8F4C-433B-8979-F57C0DBC92EC}.Debug|x64.Build.0 = Debug|x64
		{C0FAC7AD-8F4C-433B-8979-F57C0DBC92EC}.Debug|x86.ActiveCfg = Debug|x86
		{C0FAC7AD-8F4C-433B-8979-F57C0DBC92EC}.Debug|x86.Build.0 = Debug|x86
		{C0FAC7AD-8F4C-433B-8979-F57C0DBC92EC}.Release|Any CPU.ActiveCfg = Release|Any CPU
		{C0FAC7AD-8F4C-433B-8979-F57C0DBC92EC}.Release|Any CPU.Build.0 = Release|Any CPU
		{C0FAC7AD-8F4C-433B-8979-F57C0DBC92EC}.Release|x64.ActiveCfg = Release|x64
		{C0FAC7AD-8F4C-433B-8979-F57C0DBC92EC}.Release|x64.Build.0 = Release|x64
		{C0FAC7AD-8F4C-433B-8979-F57C0DBC92EC}.Release|x86.ActiveCfg = Release|x86
		{C0FAC7AD-8F4C-433B-8979-F57C0DBC92EC}.Release|x86.Build.0 = Release|x86
		{8C7B5333-2F22-43A3-928A-710882186360}.Debug|Any CPU.ActiveCfg = Debug|Any CPU
		{8C7B5333-2F22-43A3-928A-710882186360}.Debug|Any CPU.Build.0 = Debug|Any CPU
		{8C7B5333-2F22-43A3-928A-710882186360}.Debug|x64.ActiveCfg = Debug|x64
		{8C7B5333-2F22-43A3-928A-710882186360}.Debug|x64.Build.0 = Debug|x64
		{8C7B5333-2F22-43A3-928A-710882186360}.Debug|x86.ActiveCfg = Debug|x86
		{8C7B5333-2F22-43A3-928A-710882186360}.Debug|x86.Build.0 = Debug|x86
		{8C7B5333-2F22-43A3-928A-710882186360}.Release|Any CPU.ActiveCfg = Release|Any CPU
		{8C7B5333-2F22-43A3-928A-710882186360}.Release|Any CPU.Build.0 = Release|Any CPU
		{8C7B5333-2F22-43A3-928A-710882186360}.Release|x64.ActiveCfg = Release|x64
		{8C7B5333-2F22-43A3-928A-710882186360}.Release|x64.Build.0 = Release|x64
		{8C7B5333-2F22-43A3-928A-710882186360}.Release|x86.ActiveCfg = Release|x86
		{8C7B5333-2F22-43A3-928A-710882186360}.Release|x86.Build.0 = Release|x86
		{377E5A2E-055E-414D-89AB-FCDB90D9F9FF}.Debug|Any CPU.ActiveCfg = Debug|Any CPU
		{377E5A2E-055E-414D-89AB-FCDB90D9F9FF}.Debug|Any CPU.Build.0 = Debug|Any CPU
		{377E5A2E-055E-414D-89AB-FCDB90D9F9FF}.Debug|x64.ActiveCfg = Debug|x64
		{377E5A2E-055E-414D-89AB-FCDB90D9F9FF}.Debug|x64.Build.0 = Debug|x64
		{377E5A2E-055E-414D-89AB-FCDB90D9F9FF}.Debug|x86.ActiveCfg = Debug|x86
		{377E5A2E-055E-414D-89AB-FCDB90D9F9FF}.Debug|x86.Build.0 = Debug|x86
		{377E5A2E-055E-414D-89AB-FCDB90D9F9FF}.Release|Any CPU.ActiveCfg = Release|Any CPU
		{377E5A2E-055E-414D-89AB-FCDB90D9F9FF}.Release|Any CPU.Build.0 = Release|Any CPU
		{377E5A2E-055E-414D-89AB-FCDB90D9F9FF}.Release|x64.ActiveCfg = Release|x64
		{377E5A2E-055E-414D-89AB-FCDB90D9F9FF}.Release|x64.Build.0 = Release|x64
		{377E5A2E-055E-414D-89AB-FCDB90D9F9FF}.Release|x86.ActiveCfg = Release|x86
		{377E5A2E-055E-414D-89AB-FCDB90D9F9FF}.Release|x86.Build.0 = Release|x86
	EndGlobalSection
	GlobalSection(SolutionProperties) = preSolution
		HideSolutionNode = FALSE
	EndGlobalSection
EndGlobal
